
Microsoft Visual Studio Solution File, Format Version 12.00
# Visual Studio Version 17
VisualStudioVersion = 17.1.32319.34
MinimumVisualStudioVersion = 10.0.40219.1
Project("{FAE04EC0-301F-11D3-BF4B-00C04F79EFBC}") = "RSW", "RSW\RSW.csproj", "{E859CBC2-9E54-4993-8ED3-9D5D0CA2594A}"
EndProject
Project("{FAE04EC0-301F-11D3-BF4B-00C04F79EFBC}") = "Dou", "..\..\Dou\Dou.csproj", "{2536A26B-AE38-4A30-873F-71D7785ABB81}"
EndProject
Project("{9A19103F-16F7-4668-BE54-9A1E7A4F7556}") = "DouHelper", "..\..\DouCore\Lib\DouHelper\DouHelper.csproj", "{7261B7E6-259F-468D-A1E5-68B411C191C1}"
EndProject
Global
	GlobalSection(SolutionConfigurationPlatforms) = preSolution
		Debug|Any CPU = Debug|Any CPU
		Release|Any CPU = Release|Any CPU
	EndGlobalSection
	GlobalSection(ProjectConfigurationPlatforms) = postSolution
		{E859CBC2-9E54-4993-8ED3-9D5D0CA2594A}.Debug|Any CPU.ActiveCfg = Debug|Any CPU
		{E859CBC2-9E54-4993-8ED3-9D5D0CA2594A}.Debug|Any CPU.Build.0 = Debug|Any CPU
		{E859CBC2-9E54-4993-8ED3-9D5D0CA2594A}.Release|Any CPU.ActiveCfg = Release|Any CPU
		{E859CBC2-9E54-4993-8ED3-9D5D0CA2594A}.Release|Any CPU.Build.0 = Release|Any CPU
		{2536A26B-AE38-4A30-873F-71D7785ABB81}.Debug|Any CPU.ActiveCfg = Debug|Any CPU
		{2536A26B-AE38-4A30-873F-71D7785ABB81}.Debug|Any CPU.Build.0 = Debug|Any CPU
		{2536A26B-AE38-4A30-873F-71D7785ABB81}.Release|Any CPU.ActiveCfg = Release|Any CPU
		{2536A26B-AE38-4A30-873F-71D7785ABB81}.Release|Any CPU.Build.0 = Release|Any CPU
		{7261B7E6-259F-468D-A1E5-68B411C191C1}.Debug|Any CPU.ActiveCfg = Debug|Any CPU
		{7261B7E6-259F-468D-A1E5-68B411C191C1}.Debug|Any CPU.Build.0 = Debug|Any CPU
		{7261B7E6-259F-468D-A1E5-68B411C191C1}.Release|Any CPU.ActiveCfg = Release|Any CPU
		{7261B7E6-259F-468D-A1E5-68B411C191C1}.Release|Any CPU.Build.0 = Release|Any CPU
	EndGlobalSection
	GlobalSection(SolutionProperties) = preSolution
		HideSolutionNode = FALSE
	EndGlobalSection
	GlobalSection(ExtensibilityGlobals) = postSolution
		SolutionGuid = {5F2F38ED-256F-48B7-B712-D23483E5E882}
	EndGlobalSection
EndGlobal
